
Microsoft Visual Studio Solution File, Format Version 12.00
# Visual Studio Version 16
VisualStudioVersion = 16.0.28729.10
MinimumVisualStudioVersion = 10.0.40219.1
Project("{FAE04EC0-301F-11D3-BF4B-00C04F79EFBC}") = "MCronberg.CSCourseHelper.Standard", "MCronberg.CSCourseHelper.Standard\MCronberg.CSCourseHelper.Standard.csproj", "{02B7F321-459E-4186-99D4-5549640607E4}"
EndProject
Project("{FAE04EC0-301F-11D3-BF4B-00C04F79EFBC}") = "MCronberg.CSCourseHelper.Standard.Demo", "MCronberg.CSCourseHelper.Standard.Demo\MCronberg.CSCourseHelper.Standard.Demo.csproj", "{9000BEEB-5B86-4DFC-B662-81A651052C79}"
EndProject
Global
	GlobalSection(SolutionConfigurationPlatforms) = preSolution
		Debug|Any CPU = Debug|Any CPU
		Release|Any CPU = Release|Any CPU
	EndGlobalSection
	GlobalSection(ProjectConfigurationPlatforms) = postSolution
		{02B7F321-459E-4186-99D4-5549640607E4}.Debug|Any CPU.ActiveCfg = Debug|Any CPU
		{02B7F321-459E-4186-99D4-5549640607E4}.Debug|Any CPU.Build.0 = Debug|Any CPU
		{02B7F321-459E-4186-99D4-5549640607E4}.Release|Any CPU.ActiveCfg = Release|Any CPU
		{02B7F321-459E-4186-99D4-5549640607E4}.Release|Any CPU.Build.0 = Release|Any CPU
		{9000BEEB-5B86-4DFC-B662-81A651052C79}.Debug|Any CPU.ActiveCfg = Debug|Any CPU
		{9000BEEB-5B86-4DFC-B662-81A651052C79}.Debug|Any CPU.Build.0 = Debug|Any CPU
		{9000BEEB-5B86-4DFC-B662-81A651052C79}.Release|Any CPU.ActiveCfg = Release|Any CPU
		{9000BEEB-5B86-4DFC-B662-81A651052C79}.Release|Any CPU.Build.0 = Release|Any CPU
	EndGlobalSection
	GlobalSection(SolutionProperties) = preSolution
		HideSolutionNode = FALSE
	EndGlobalSection
	GlobalSection(ExtensibilityGlobals) = postSolution
		SolutionGuid = {28B668CF-D5A9-4BC6-9CFC-BC20137D8D35}
	EndGlobalSection
EndGlobal
